
Microsoft Visual Studio Solution File, Format Version 12.00
# Visual Studio 15
VisualStudioVersion = 15.0.27428.2037
MinimumVisualStudioVersion = 10.0.40219.1
Project("{9A19103F-16F7-4668-BE54-9A1E7A4F7556}") = "auction-front-end", "auction-front-end\auction-front-end.csproj", "{940EC552-AC0C-43E1-A3D3-87B009763B9F}"
EndProject
Project("{FAE04EC0-301F-11D3-BF4B-00C04F79EFBC}") = "auction-front-end.Tests", "auction-front-end.Tests\auction-front-end.Tests.csproj", "{B56E54AC-2DD7-4952-B345-8F987EA11109}"
EndProject
Global
	GlobalSection(SolutionConfigurationPlatforms) = preSolution
		Debug|Any CPU = Debug|Any CPU
		Release|Any CPU = Release|Any CPU
	EndGlobalSection
	GlobalSection(ProjectConfigurationPlatforms) = postSolution
		{940EC552-AC0C-43E1-A3D3-87B009763B9F}.Debug|Any CPU.ActiveCfg = Debug|Any CPU
		{940EC552-AC0C-43E1-A3D3-87B009763B9F}.Debug|Any CPU.Build.0 = Debug|Any CPU
		{940EC552-AC0C-43E1-A3D3-87B009763B9F}.Release|Any CPU.ActiveCfg = Release|Any CPU
		{940EC552-AC0C-43E1-A3D3-87B009763B9F}.Release|Any CPU.Build.0 = Release|Any CPU
		{B56E54AC-2DD7-4952-B345-8F987EA11109}.Debug|Any CPU.ActiveCfg = Debug|Any CPU
		{B56E54AC-2DD7-4952-B345-8F987EA11109}.Debug|Any CPU.Build.0 = Debug|Any CPU
		{B56E54AC-2DD7-4952-B345-8F987EA11109}.Release|Any CPU.ActiveCfg = Release|Any CPU
		{B56E54AC-2DD7-4952-B345-8F987EA11109}.Release|Any CPU.Build.0 = Release|Any CPU
	EndGlobalSection
	GlobalSection(SolutionProperties) = preSolution
		HideSolutionNode = FALSE
	EndGlobalSection
	GlobalSection(ExtensibilityGlobals) = postSolution
		SolutionGuid = {D6374692-21D1-43B6-8CF1-2A9ED3046FD5}
	EndGlobalSection
EndGlobal
