
Microsoft Visual Studio Solution File, Format Version 12.00
# Visual Studio 15
VisualStudioVersion = 15.0.27703.2047
MinimumVisualStudioVersion = 10.0.40219.1
Project("{FAE04EC0-301F-11D3-BF4B-00C04F79EFBC}") = "auction-load-test", "auction-load-test\auction-load-test.csproj", "{414D1EED-842D-4E7C-9D32-E68D407E2284}"
EndProject
Project("{2150E333-8FDC-42A3-9474-1A3956D46DE8}") = "Solution Items", "Solution Items", "{54E01230-D543-4DAA-BF8F-57C04222AB23}"
	ProjectSection(SolutionItems) = preProject
		Local.testsettings = Local.testsettings
	EndProjectSection
EndProject
Global
	GlobalSection(SolutionConfigurationPlatforms) = preSolution
		Debug|Any CPU = Debug|Any CPU
		Release|Any CPU = Release|Any CPU
	EndGlobalSection
	GlobalSection(ProjectConfigurationPlatforms) = postSolution
		{414D1EED-842D-4E7C-9D32-E68D407E2284}.Debug|Any CPU.ActiveCfg = Debug|Any CPU
		{414D1EED-842D-4E7C-9D32-E68D407E2284}.Debug|Any CPU.Build.0 = Debug|Any CPU
		{414D1EED-842D-4E7C-9D32-E68D407E2284}.Release|Any CPU.ActiveCfg = Release|Any CPU
		{414D1EED-842D-4E7C-9D32-E68D407E2284}.Release|Any CPU.Build.0 = Release|Any CPU
	EndGlobalSection
	GlobalSection(SolutionProperties) = preSolution
		HideSolutionNode = FALSE
	EndGlobalSection
	GlobalSection(ExtensibilityGlobals) = postSolution
		SolutionGuid = {200AACED-BB49-4CB7-A758-7A2D568134B2}
	EndGlobalSection
EndGlobal
